
Microsoft Visual Studio Solution File, Format Version 12.00
# Visual Studio Version 17
VisualStudioVersion = 17.11.35219.272
MinimumVisualStudioVersion = 10.0.40219.1
Project("{2150E333-8FDC-42A3-9474-1A3956D46DE8}") = "Bootstraper", "Bootstraper", "{896857FE-6D2B-43CB-8C04-96E97CED8DAA}"
EndProject
Project("{2150E333-8FDC-42A3-9474-1A3956D46DE8}") = "Modules", "Modules", "{C178F9F7-3507-4A47-BFC2-53EB3A57FA48}"
EndProject
Project("{2150E333-8FDC-42A3-9474-1A3956D46DE8}") = "Shared", "Shared", "{79359715-190E-4978-B9FB-06738EF95D41}"
EndProject
Project("{9A19103F-16F7-4668-BE54-9A1E7A4F7556}") = "WebApi", "Boostraper\WebApi\WebApi.csproj", "{34B30954-A63F-4495-9312-3B02A83E1CB4}"
EndProject
Project("{2150E333-8FDC-42A3-9474-1A3956D46DE8}") = "Catalog", "Catalog", "{FAB109E7-C0EC-41AB-9E28-0E7F06201021}"
EndProject
Project("{2150E333-8FDC-42A3-9474-1A3956D46DE8}") = "Ordering", "Ordering", "{1B95ACAB-431E-41FF-BE10-7A97CA3E0B26}"
EndProject
Project("{2150E333-8FDC-42A3-9474-1A3956D46DE8}") = "Basket", "Basket", "{31B4A51F-3161-4719-8272-77946D309242}"
EndProject
Project("{9A19103F-16F7-4668-BE54-9A1E7A4F7556}") = "Basket", "Modules\Basket\Basket\Basket.csproj", "{9DE9D19A-0E62-46B1-B703-51792A607A59}"
EndProject
Project("{9A19103F-16F7-4668-BE54-9A1E7A4F7556}") = "Shared", "Shared\Shared\Shared.csproj", "{D93FAED7-0128-4E62-8752-D672377F7896}"
EndProject
Project("{9A19103F-16F7-4668-BE54-9A1E7A4F7556}") = "Ordering", "Modules\Ordering\Ordering\Ordering.csproj", "{F9678441-5B32-49DF-9417-3D139D20D114}"
EndProject
Project("{9A19103F-16F7-4668-BE54-9A1E7A4F7556}") = "Catalog", "Modules\Catalog\Catalog\Catalog.csproj", "{780FB03D-FCC3-4CC9-A1BD-11D80A5B6138}"
EndProject
Global
	GlobalSection(SolutionConfigurationPlatforms) = preSolution
		Debug|Any CPU = Debug|Any CPU
		Release|Any CPU = Release|Any CPU
	EndGlobalSection
	GlobalSection(ProjectConfigurationPlatforms) = postSolution
		{34B30954-A63F-4495-9312-3B02A83E1CB4}.Debug|Any CPU.ActiveCfg = Debug|Any CPU
		{34B30954-A63F-4495-9312-3B02A83E1CB4}.Debug|Any CPU.Build.0 = Debug|Any CPU
		{34B30954-A63F-4495-9312-3B02A83E1CB4}.Release|Any CPU.ActiveCfg = Release|Any CPU
		{34B30954-A63F-4495-9312-3B02A83E1CB4}.Release|Any CPU.Build.0 = Release|Any CPU
		{9DE9D19A-0E62-46B1-B703-51792A607A59}.Debug|Any CPU.ActiveCfg = Debug|Any CPU
		{9DE9D19A-0E62-46B1-B703-51792A607A59}.Debug|Any CPU.Build.0 = Debug|Any CPU
		{9DE9D19A-0E62-46B1-B703-51792A607A59}.Release|Any CPU.ActiveCfg = Release|Any CPU
		{9DE9D19A-0E62-46B1-B703-51792A607A59}.Release|Any CPU.Build.0 = Release|Any CPU
		{D93FAED7-0128-4E62-8752-D672377F7896}.Debug|Any CPU.ActiveCfg = Debug|Any CPU
		{D93FAED7-0128-4E62-8752-D672377F7896}.Debug|Any CPU.Build.0 = Debug|Any CPU
		{D93FAED7-0128-4E62-8752-D672377F7896}.Release|Any CPU.ActiveCfg = Release|Any CPU
		{D93FAED7-0128-4E62-8752-D672377F7896}.Release|Any CPU.Build.0 = Release|Any CPU
		{F9678441-5B32-49DF-9417-3D139D20D114}.Debug|Any CPU.ActiveCfg = Debug|Any CPU
		{F9678441-5B32-49DF-9417-3D139D20D114}.Debug|Any CPU.Build.0 = Debug|Any CPU
		{F9678441-5B32-49DF-9417-3D139D20D114}.Release|Any CPU.ActiveCfg = Release|Any CPU
		{F9678441-5B32-49DF-9417-3D139D20D114}.Release|Any CPU.Build.0 = Release|Any CPU
		{780FB03D-FCC3-4CC9-A1BD-11D80A5B6138}.Debug|Any CPU.ActiveCfg = Debug|Any CPU
		{780FB03D-FCC3-4CC9-A1BD-11D80A5B6138}.Debug|Any CPU.Build.0 = Debug|Any CPU
		{780FB03D-FCC3-4CC9-A1BD-11D80A5B6138}.Release|Any CPU.ActiveCfg = Release|Any CPU
		{780FB03D-FCC3-4CC9-A1BD-11D80A5B6138}.Release|Any CPU.Build.0 = Release|Any CPU
	EndGlobalSection
	GlobalSection(SolutionProperties) = preSolution
		HideSolutionNode = FALSE
	EndGlobalSection
	GlobalSection(NestedProjects) = preSolution
		{34B30954-A63F-4495-9312-3B02A83E1CB4} = {896857FE-6D2B-43CB-8C04-96E97CED8DAA}
		{FAB109E7-C0EC-41AB-9E28-0E7F06201021} = {C178F9F7-3507-4A47-BFC2-53EB3A57FA48}
		{1B95ACAB-431E-41FF-BE10-7A97CA3E0B26} = {C178F9F7-3507-4A47-BFC2-53EB3A57FA48}
		{31B4A51F-3161-4719-8272-77946D309242} = {C178F9F7-3507-4A47-BFC2-53EB3A57FA48}
		{9DE9D19A-0E62-46B1-B703-51792A607A59} = {31B4A51F-3161-4719-8272-77946D309242}
		{D93FAED7-0128-4E62-8752-D672377F7896} = {79359715-190E-4978-B9FB-06738EF95D41}
		{F9678441-5B32-49DF-9417-3D139D20D114} = {1B95ACAB-431E-41FF-BE10-7A97CA3E0B26}
		{780FB03D-FCC3-4CC9-A1BD-11D80A5B6138} = {FAB109E7-C0EC-41AB-9E28-0E7F06201021}
	EndGlobalSection
	GlobalSection(ExtensibilityGlobals) = postSolution
		SolutionGuid = {642A7AE7-0FB4-4393-95FF-48FFE361735A}
	EndGlobalSection
EndGlobal
